// !$*UTF8*$!
{
	archiveVersion = 1;
	classes = {
	};
	objectVersion = 50;
	objects = {

/* Begin PBXBuildFile section */
		37E1FBE12320CB060010C2C0 /* AppDelegate.swift in Sources */ = {isa = PBXBuildFile; fileRef = 37E1FBE02320CB060010C2C0 /* AppDelegate.swift */; };
		37E1FBE32320CB060010C2C0 /* ViewController.swift in Sources */ = {isa = PBXBuildFile; fileRef = 37E1FBE22320CB060010C2C0 /* ViewController.swift */; };
		37E1FBE62320CB060010C2C0 /* Main.storyboard in Resources */ = {isa = PBXBuildFile; fileRef = 37E1FBE42320CB060010C2C0 /* Main.storyboard */; };
		37E1FBE82320CB070010C2C0 /* Assets.xcassets in Resources */ = {isa = PBXBuildFile; fileRef = 37E1FBE72320CB070010C2C0 /* Assets.xcassets */; };
		37E1FBEB2320CB070010C2C0 /* LaunchScreen.storyboard in Resources */ = {isa = PBXBuildFile; fileRef = 37E1FBE92320CB070010C2C0 /* LaunchScreen.storyboard */; };
		37E1FBF62320CB080010C2C0 /* DatePickerTests.swift in Sources */ = {isa = PBXBuildFile; fileRef = 37E1FBF52320CB080010C2C0 /* DatePickerTests.swift */; };
		37E1FC012320CB080010C2C0 /* DatePickerUITests.swift in Sources */ = {isa = PBXBuildFile; fileRef = 37E1FC002320CB080010C2C0 /* DatePickerUITests.swift */; };
/* End PBXBuildFile section */

/* Begin PBXContainerItemProxy section */
		37E1FBF22320CB080010C2C0 /* PBXContainerItemProxy */ = {
			isa = PBXContainerItemProxy;
			containerPortal = 37E1FBD52320CB060010C2C0 /* Project object */;
			proxyType = 1;
			remoteGlobalIDString = 37E1FBDC2320CB060010C2C0;
			remoteInfo = DatePicker;
		};
		37E1FBFD2320CB080010C2C0 /* PBXContainerItemProxy */ = {
			isa = PBXContainerItemProxy;
			containerPortal = 37E1FBD52320CB060010C2C0 /* Project object */;
			proxyType = 1;
			remoteGlobalIDString = 37E1FBDC2320CB060010C2C0;
			remoteInfo = DatePicker;
		};
/* End PBXContainerItemProxy section */

/* Begin PBXFileReference section */
		37E1FBDD2320CB060010C2C0 /* DatePicker.app */ = {isa = PBXFileReference; explicitFileType = wrapper.application; includeInIndex = 0; path = DatePicker.app; sourceTree = BUILT_PRODUCTS_DIR; };
		37E1FBE02320CB060010C2C0 /* AppDelegate.swift */ = {isa = PBXFileReference; lastKnownFileType = sourcecode.swift; path = AppDelegate.swift; sourceTree = "<group>"; };
		37E1FBE22320CB060010C2C0 /* ViewController.swift */ = {isa = PBXFileReference; lastKnownFileType = sourcecode.swift; path = ViewController.swift; sourceTree = "<group>"; };
		37E1FBE52320CB060010C2C0 /* Base */ = {isa = PBXFileReference; lastKnownFileType = file.storyboard; name = Base; path = Base.lproj/Main.storyboard; sourceTree = "<group>"; };
		37E1FBE72320CB070010C2C0 /* Assets.xcassets */ = {isa = PBXFileReference; lastKnownFileType = folder.assetcatalog; path = Assets.xcassets; sourceTree = "<group>"; };
		37E1FBEA2320CB070010C2C0 /* Base */ = {isa = PBXFileReference; lastKnownFileType = file.storyboard; name = Base; path = Base.lproj/LaunchScreen.storyboard; sourceTree = "<group>"; };
		37E1FBEC2320CB070010C2C0 /* Info.plist */ = {isa = PBXFileReference; lastKnownFileType = text.plist.xml; path = Info.plist; sourceTree = "<group>"; };
		37E1FBF12320CB080010C2C0 /* DatePickerTests.xctest */ = {isa = PBXFileReference; explicitFileType = wrapper.cfbundle; includeInIndex = 0; path = DatePickerTests.xctest; sourceTree = BUILT_PRODUCTS_DIR; };
		37E1FBF52320CB080010C2C0 /* DatePickerTests.swift */ = {isa = PBXFileReference; lastKnownFileType = sourcecode.swift; path = DatePickerTests.swift; sourceTree = "<group>"; };
		37E1FBF72320CB080010C2C0 /* Info.plist */ = {isa = PBXFileReference; lastKnownFileType = text.plist.xml; path = Info.plist; sourceTree = "<group>"; };
		37E1FBFC2320CB080010C2C0 /* DatePickerUITests.xctest */ = {isa = PBXFileReference; explicitFileType = wrapper.cfbundle; includeInIndex = 0; path = DatePickerUITests.xctest; sourceTree = BUILT_PRODUCTS_DIR; };
		37E1FC002320CB080010C2C0 /* DatePickerUITests.swift */ = {isa = PBXFileReference; lastKnownFileType = sourcecode.swift; path = DatePickerUITests.swift; sourceTree = "<group>"; };
		37E1FC022320CB080010C2C0 /* Info.plist */ = {isa = PBXFileReference; lastKnownFileType = text.plist.xml; path = Info.plist; sourceTree = "<group>"; };
/* End PBXFileReference section */

/* Begin PBXFrameworksBuildPhase section */
		37E1FBDA2320CB060010C2C0 /* Frameworks */ = {
			isa = PBXFrameworksBuildPhase;
			buildActionMask = 2147483647;
			files = (
			);
			runOnlyForDeploymentPostprocessing = 0;
		};
		37E1FBEE2320CB080010C2C0 /* Frameworks */ = {
			isa = PBXFrameworksBuildPhase;
			buildActionMask = 2147483647;
			files = (
			);
			runOnlyForDeploymentPostprocessing = 0;
		};
		37E1FBF92320CB080010C2C0 /* Frameworks */ = {
			isa = PBXFrameworksBuildPhase;
			buildActionMask = 2147483647;
			files = (
			);
			runOnlyForDeploymentPostprocessing = 0;
		};
/* End PBXFrameworksBuildPhase section */

/* Begin PBXGroup section */
		37E1FBD42320CB060010C2C0 = {
			isa = PBXGroup;
			children = (
				37E1FBDF2320CB060010C2C0 /* DatePicker */,
				37E1FBF42320CB080010C2C0 /* DatePickerTests */,
				37E1FBFF2320CB080010C2C0 /* DatePickerUITests */,
				37E1FBDE2320CB060010C2C0 /* Products */,
			);
			sourceTree = "<group>";
		};
		37E1FBDE2320CB060010C2C0 /* Products */ = {
			isa = PBXGroup;
			children = (
				37E1FBDD2320CB060010C2C0 /* DatePicker.app */,
				37E1FBF12320CB080010C2C0 /* DatePickerTests.xctest */,
				37E1FBFC2320CB080010C2C0 /* DatePickerUITests.xctest */,
			);
			name = Products;
			sourceTree = "<group>";
		};
		37E1FBDF2320CB060010C2C0 /* DatePicker */ = {
			isa = PBXGroup;
			children = (
				37E1FBE02320CB060010C2C0 /* AppDelegate.swift */,
				37E1FBE22320CB060010C2C0 /* ViewController.swift */,
				37E1FBE42320CB060010C2C0 /* Main.storyboard */,
				37E1FBE72320CB070010C2C0 /* Assets.xcassets */,
				37E1FBE92320CB070010C2C0 /* LaunchScreen.storyboard */,
				37E1FBEC2320CB070010C2C0 /* Info.plist */,
			);
			path = DatePicker;
			sourceTree = "<group>";
		};
		37E1FBF42320CB080010C2C0 /* DatePickerTests */ = {
			isa = PBXGroup;
			children = (
				37E1FBF52320CB080010C2C0 /* DatePickerTests.swift */,
				37E1FBF72320CB080010C2C0 /* Info.plist */,
			);
			path = DatePickerTests;
			sourceTree = "<group>";
		};
		37E1FBFF2320CB080010C2C0 /* DatePickerUITests */ = {
			isa = PBXGroup;
			children = (
				37E1FC002320CB080010C2C0 /* DatePickerUITests.swift */,
				37E1FC022320CB080010C2C0 /* Info.plist */,
			);
			path = DatePickerUITests;
			sourceTree = "<group>";
		};
/* End PBXGroup section */

/* Begin PBXNativeTarget section */
		37E1FBDC2320CB060010C2C0 /* DatePicker */ = {
			isa = PBXNativeTarget;
			buildConfigurationList = 37E1FC052320CB080010C2C0 /* Build configuration list for PBXNativeTarget "DatePicker" */;
			buildPhases = (
				37E1FBD92320CB060010C2C0 /* Sources */,
				37E1FBDA2320CB060010C2C0 /* Frameworks */,
				37E1FBDB2320CB060010C2C0 /* Resources */,
			);
			buildRules = (
			);
			dependencies = (
			);
			name = DatePicker;
			productName = DatePicker;
			productReference = 37E1FBDD2320CB060010C2C0 /* DatePicker.app */;
			productType = "com.apple.product-type.application";
		};
		37E1FBF02320CB080010C2C0 /* DatePickerTests */ = {
			isa = PBXNativeTarget;
			buildConfigurationList = 37E1FC082320CB080010C2C0 /* Build configuration list for PBXNativeTarget "DatePickerTests" */;
			buildPhases = (
				37E1FBED2320CB080010C2C0 /* Sources */,
				37E1FBEE2320CB080010C2C0 /* Frameworks */,
				37E1FBEF2320CB080010C2C0 /* Resources */,
			);
			buildRules = (
			);
			dependencies = (
				37E1FBF32320CB080010C2C0 /* PBXTargetDependency */,
			);
			name = DatePickerTests;
			productName = DatePickerTests;
			productReference = 37E1FBF12320CB080010C2C0 /* DatePickerTests.xctest */;
			productType = "com.apple.product-type.bundle.unit-test";
		};
		37E1FBFB2320CB080010C2C0 /* DatePickerUITests */ = {
			isa = PBXNativeTarget;
			buildConfigurationList = 37E1FC0B2320CB080010C2C0 /* Build configuration list for PBXNativeTarget "DatePickerUITests" */;
			buildPhases = (
				37E1FBF82320CB080010C2C0 /* Sources */,
				37E1FBF92320CB080010C2C0 /* Frameworks */,
				37E1FBFA2320CB080010C2C0 /* Resources */,
			);
			buildRules = (
			);
			dependencies = (
				37E1FBFE2320CB080010C2C0 /* PBXTargetDependency */,
			);
			name = DatePickerUITests;
			productName = DatePickerUITests;
			productReference = 37E1FBFC2320CB080010C2C0 /* DatePickerUITests.xctest */;
			productType = "com.apple.product-type.bundle.ui-testing";
		};
/* End PBXNativeTarget section */

/* Begin PBXProject section */
		37E1FBD52320CB060010C2C0 /* Project object */ = {
			isa = PBXProject;
			attributes = {
				LastSwiftUpdateCheck = 1030;
				LastUpgradeCheck = 1030;
				ORGANIZATIONNAME = Hallym;
				TargetAttributes = {
					37E1FBDC2320CB060010C2C0 = {
						CreatedOnToolsVersion = 10.3;
					};
					37E1FBF02320CB080010C2C0 = {
						CreatedOnToolsVersion = 10.3;
						TestTargetID = 37E1FBDC2320CB060010C2C0;
					};
					37E1FBFB2320CB080010C2C0 = {
						CreatedOnToolsVersion = 10.3;
						TestTargetID = 37E1FBDC2320CB060010C2C0;
					};
				};
			};
			buildConfigurationList = 37E1FBD82320CB060010C2C0 /* Build configuration list for PBXProject "DatePicker" */;
			compatibilityVersion = "Xcode 9.3";
			developmentRegion = en;
			hasScannedForEncodings = 0;
			knownRegions = (
				en,
				Base,
			);
			mainGroup = 37E1FBD42320CB060010C2C0;
			productRefGroup = 37E1FBDE2320CB060010C2C0 /* Products */;
			projectDirPath = "";
			projectRoot = "";
			targets = (
				37E1FBDC2320CB060010C2C0 /* DatePicker */,
				37E1FBF02320CB080010C2C0 /* DatePickerTests */,
				37E1FBFB2320CB080010C2C0 /* DatePickerUITests */,
			);
		};
/* End PBXProject section */

/* Begin PBXResourcesBuildPhase section */
		37E1FBDB2320CB060010C2C0 /* Resources */ = {
			isa = PBXResourcesBuildPhase;
			buildActionMask = 2147483647;
			files = (
				37E1FBEB2320CB070010C2C0 /* LaunchScreen.storyboard in Resources */,
				37E1FBE82320CB070010C2C0 /* Assets.xcassets in Resources */,
				37E1FBE62320CB060010C2C0 /* Main.storyboard in Resources */,
			);
			runOnlyForDeploymentPostprocessing = 0;
		};
		37E1FBEF2320CB080010C2C0 /* Resources */ = {
			isa = PBXResourcesBuildPhase;
			buildActionMask = 2147483647;
			files = (
			);
			runOnlyForDeploymentPostprocessing = 0;
		};
		37E1FBFA2320CB080010C2C0 /* Resources */ = {
			isa = PBXResourcesBuildPhase;
			buildActionMask = 2147483647;
			files = (
			);
			runOnlyForDeploymentPostprocessing = 0;
		};
/* End PBXResourcesBuildPhase section */

/* Begin PBXSourcesBuildPhase section */
		37E1FBD92320CB060010C2C0 /* Sources */ = {
			isa = PBXSourcesBuildPhase;
			buildActionMask = 2147483647;
			files = (
				37E1FBE32320CB060010C2C0 /* ViewController.swift in Sources */,
				37E1FBE12320CB060010C2C0 /* AppDelegate.swift in Sources */,
			);
			runOnlyForDeploymentPostprocessing = 0;
		};
		37E1FBED2320CB080010C2C0 /* Sources */ = {
			isa = PBXSourcesBuildPhase;
			buildActionMask = 2147483647;
			files = (
				37E1FBF62320CB080010C2C0 /* DatePickerTests.swift in Sources */,
			);
			runOnlyForDeploymentPostprocessing = 0;
		};
		37E1FBF82320CB080010C2C0 /* Sources */ = {
			isa = PBXSourcesBuildPhase;
			buildActionMask = 2147483647;
			files = (
				37E1FC012320CB080010C2C0 /* DatePickerUITests.swift in Sources */,
			);
			runOnlyForDeploymentPostprocessing = 0;
		};
/* End PBXSourcesBuildPhase section */

/* Begin PBXTargetDependency section */
		37E1FBF32320CB080010C2C0 /* PBXTargetDependency */ = {
			isa = PBXTargetDependency;
			target = 37E1FBDC2320CB060010C2C0 /* DatePicker */;
			targetProxy = 37E1FBF22320CB080010C2C0 /* PBXContainerItemProxy */;
		};
		37E1FBFE2320CB080010C2C0 /* PBXTargetDependency */ = {
			isa = PBXTargetDependency;
			target = 37E1FBDC2320CB060010C2C0 /* DatePicker */;
			targetProxy = 37E1FBFD2320CB080010C2C0 /* PBXContainerItemProxy */;
		};
/* End PBXTargetDependency section */

/* Begin PBXVariantGroup section */
		37E1FBE42320CB060010C2C0 /* Main.storyboard */ = {
			isa = PBXVariantGroup;
			children = (
				37E1FBE52320CB060010C2C0 /* Base */,
			);
			name = Main.storyboard;
			sourceTree = "<group>";
		};
		37E1FBE92320CB070010C2C0 /* LaunchScreen.storyboard */ = {
			isa = PBXVariantGroup;
			children = (
				37E1FBEA2320CB070010C2C0 /* Base */,
			);
			name = LaunchScreen.storyboard;
			sourceTree = "<group>";
		};
/* End PBXVariantGroup section */

/* Begin XCBuildConfiguration section */
		37E1FC032320CB080010C2C0 /* Debug */ = {
			isa = XCBuildConfiguration;
			buildSettings = {
				ALWAYS_SEARCH_USER_PATHS = NO;
				CLANG_ANALYZER_NONNULL = YES;
				CLANG_ANALYZER_NUMBER_OBJECT_CONVERSION = YES_AGGRESSIVE;
				CLANG_CXX_LANGUAGE_STANDARD = "gnu++14";
				CLANG_CXX_LIBRARY = "libc++";
				CLANG_ENABLE_MODULES = YES;
				CLANG_ENABLE_OBJC_ARC = YES;
				CLANG_ENABLE_OBJC_WEAK = YES;
				CLANG_WARN_BLOCK_CAPTURE_AUTORELEASING = YES;
				CLANG_WARN_BOOL_CONVERSION = YES;
				CLANG_WARN_COMMA = YES;
				CLANG_WARN_CONSTANT_CONVERSION = YES;
				CLANG_WARN_DEPRECATED_OBJC_IMPLEMENTATIONS = YES;
				CLANG_WARN_DIRECT_OBJC_ISA_USAGE = YES_ERROR;
				CLANG_WARN_DOCUMENTATION_COMMENTS = YES;
				CLANG_WARN_EMPTY_BODY = YES;
				CLANG_WARN_ENUM_CONVERSION = YES;
				CLANG_WARN_INFINITE_RECURSION = YES;
				CLANG_WARN_INT_CONVERSION = YES;
				CLANG_WARN_NON_LITERAL_NULL_CONVERSION = YES;
				CLANG_WARN_OBJC_IMPLICIT_RETAIN_SELF = YES;
				CLANG_WARN_OBJC_LITERAL_CONVERSION = YES;
				CLANG_WARN_OBJC_ROOT_CLASS = YES_ERROR;
				CLANG_WARN_RANGE_LOOP_ANALYSIS = YES;
				CLANG_WARN_STRICT_PROTOTYPES = YES;
				CLANG_WARN_SUSPICIOUS_MOVE = YES;
				CLANG_WARN_UNGUARDED_AVAILABILITY = YES_AGGRESSIVE;
				CLANG_WARN_UNREACHABLE_CODE = YES;
				CLANG_WARN__DUPLICATE_METHOD_MATCH = YES;
				CODE_SIGN_IDENTITY = "iPhone Developer";
				COPY_PHASE_STRIP = NO;
				DEBUG_INFORMATION_FORMAT = dwarf;
				ENABLE_STRICT_OBJC_MSGSEND = YES;
				ENABLE_TESTABILITY = YES;
				GCC_C_LANGUAGE_STANDARD = gnu11;
				GCC_DYNAMIC_NO_PIC = NO;
				GCC_NO_COMMON_BLOCKS = YES;
				GCC_OPTIMIZATION_LEVEL = 0;
				GCC_PREPROCESSOR_DEFINITIONS = (
					"DEBUG=1",
					"$(inherited)",
				);
				GCC_WARN_64_TO_32_BIT_CONVERSION = YES;
				GCC_WARN_ABOUT_RETURN_TYPE = YES_ERROR;
				GCC_WARN_UNDECLARED_SELECTOR = YES;
				GCC_WARN_UNINITIALIZED_AUTOS = YES_AGGRESSIVE;
				GCC_WARN_UNUSED_FUNCTION = YES;
				GCC_WARN_UNUSED_VARIABLE = YES;
				IPHONEOS_DEPLOYMENT_TARGET = 12.4;
				MTL_ENABLE_DEBUG_INFO = INCLUDE_SOURCE;
				MTL_FAST_MATH = YES;
				ONLY_ACTIVE_ARCH = YES;
				SDKROOT = iphoneos;
				SWIFT_ACTIVE_COMPILATION_CONDITIONS = DEBUG;
				SWIFT_OPTIMIZATION_LEVEL = "-Onone";
			};
			name = Debug;
		};
		37E1FC042320CB080010C2C0 /* Release */ = {
			isa = XCBuildConfiguration;
			buildSettings = {
				ALWAYS_SEARCH_USER_PATHS = NO;
				CLANG_ANALYZER_NONNULL = YES;
				CLANG_ANALYZER_NUMBER_OBJECT_CONVERSION = YES_AGGRESSIVE;
				CLANG_CXX_LANGUAGE_STANDARD = "gnu++14";
				CLANG_CXX_LIBRARY = "libc++";
				CLANG_ENABLE_MODULES = YES;
				CLANG_ENABLE_OBJC_ARC = YES;
				CLANG_ENABLE_OBJC_WEAK = YES;
				CLANG_WARN_BLOCK_CAPTURE_AUTORELEASING = YES;
				CLANG_WARN_BOOL_CONVERSION = YES;
				CLANG_WARN_COMMA = YES;
				CLANG_WARN_CONSTANT_CONVERSION = YES;
				CLANG_WARN_DEPRECATED_OBJC_IMPLEMENTATIONS = YES;
				CLANG_WARN_DIRECT_OBJC_ISA_USAGE = YES_ERROR;
				CLANG_WARN_DOCUMENTATION_COMMENTS = YES;
				CLANG_WARN_EMPTY_BODY = YES;
				CLANG_WARN_ENUM_CONVERSION = YES;
				CLANG_WARN_INFINITE_RECURSION = YES;
				CLANG_WARN_INT_CONVERSION = YES;
				CLANG_WARN_NON_LITERAL_NULL_CONVERSION = YES;
				CLANG_WARN_OBJC_IMPLICIT_RETAIN_SELF = YES;
				CLANG_WARN_OBJC_LITERAL_CONVERSION = YES;
				CLANG_WARN_OBJC_ROOT_CLASS = YES_ERROR;
				CLANG_WARN_RANGE_LOOP_ANALYSIS = YES;
				CLANG_WARN_STRICT_PROTOTYPES = YES;
				CLANG_WARN_SUSPICIOUS_MOVE = YES;
				CLANG_WARN_UNGUARDED_AVAILABILITY = YES_AGGRESSIVE;
				CLANG_WARN_UNREACHABLE_CODE = YES;
				CLANG_WARN__DUPLICATE_METHOD_MATCH = YES;
				CODE_SIGN_IDENTITY = "iPhone Developer";
				COPY_PHASE_STRIP = NO;
				DEBUG_INFORMATION_FORMAT = "dwarf-with-dsym";
				ENABLE_NS_ASSERTIONS = NO;
				ENABLE_STRICT_OBJC_MSGSEND = YES;
				GCC_C_LANGUAGE_STANDARD = gnu11;
				GCC_NO_COMMON_BLOCKS = YES;
				GCC_WARN_64_TO_32_BIT_CONVERSION = YES;
				GCC_WARN_ABOUT_RETURN_TYPE = YES_ERROR;
				GCC_WARN_UNDECLARED_SELECTOR = YES;
				GCC_WARN_UNINITIALIZED_AUTOS = YES_AGGRESSIVE;
				GCC_WARN_UNUSED_FUNCTION = YES;
				GCC_WARN_UNUSED_VARIABLE = YES;
				IPHONEOS_DEPLOYMENT_TARGET = 12.4;
				MTL_ENABLE_DEBUG_INFO = NO;
				MTL_FAST_MATH = YES;
				SDKROOT = iphoneos;
				SWIFT_COMPILATION_MODE = wholemodule;
				SWIFT_OPTIMIZATION_LEVEL = "-O";
				VALIDATE_PRODUCT = YES;
			};
			name = Release;
		};
		37E1FC062320CB080010C2C0 /* Debug */ = {
			isa = XCBuildConfiguration;
			buildSettings = {
				ASSETCATALOG_COMPILER_APPICON_NAME = AppIcon;
				CODE_SIGN_STYLE = Automatic;
				INFOPLIST_FILE = DatePicker/Info.plist;
				LD_RUNPATH_SEARCH_PATHS = (
					"$(inherited)",
					"@executable_path/Frameworks",
				);
				PRODUCT_BUNDLE_IDENTIFIER = com.hallym.DatePicker;
				PRODUCT_NAME = "$(TARGET_NAME)";
				SWIFT_VERSION = 5.0;
				TARGETED_DEVICE_FAMILY = "1,2";
			};
			name = Debug;
		};
		37E1FC072320CB080010C2C0 /* Release */ = {
			isa = XCBuildConfiguration;
			buildSettings = {
				ASSETCATALOG_COMPILER_APPICON_NAME = AppIcon;
				CODE_SIGN_STYLE = Automatic;
				INFOPLIST_FILE = DatePicker/Info.plist;
				LD_RUNPATH_SEARCH_PATHS = (
					"$(inherited)",
					"@executable_path/Frameworks",
				);
				PRODUCT_BUNDLE_IDENTIFIER = com.hallym.DatePicker;
				PRODUCT_NAME = "$(TARGET_NAME)";
				SWIFT_VERSION = 5.0;
				TARGETED_DEVICE_FAMILY = "1,2";
			};
			name = Release;
		};
		37E1FC092320CB080010C2C0 /* Debug */ = {
			isa = XCBuildConfiguration;
			buildSettings = {
				ALWAYS_EMBED_SWIFT_STANDARD_LIBRARIES = YES;
				BUNDLE_LOADER = "$(TEST_HOST)";
				CODE_SIGN_STYLE = Automatic;
				INFOPLIST_FILE = DatePickerTests/Info.plist;
				LD_RUNPATH_SEARCH_PATHS = (
					"$(inherited)",
					"@executable_path/Frameworks",
					"@loader_path/Frameworks",
				);
				PRODUCT_BUNDLE_IDENTIFIER = com.hallym.DatePickerTests;
				PRODUCT_NAME = "$(TARGET_NAME)";
				SWIFT_VERSION = 5.0;
				TARGETED_DEVICE_FAMILY = "1,2";
				TEST_HOST = "$(BUILT_PRODUCTS_DIR)/DatePicker.app/DatePicker";
			};
			name = Debug;
		};
		37E1FC0A2320CB080010C2C0 /* Release */ = {
			isa = XCBuildConfiguration;
			buildSettings = {
				ALWAYS_EMBED_SWIFT_STANDARD_LIBRARIES = YES;
				BUNDLE_LOADER = "$(TEST_HOST)";
				CODE_SIGN_STYLE = Automatic;
				INFOPLIST_FILE = DatePickerTests/Info.plist;
				LD_RUNPATH_SEARCH_PATHS = (
					"$(inherited)",
					"@executable_path/Frameworks",
					"@loader_path/Frameworks",
				);
				PRODUCT_BUNDLE_IDENTIFIER = com.hallym.DatePickerTests;
				PRODUCT_NAME = "$(TARGET_NAME)";
				SWIFT_VERSION = 5.0;
				TARGETED_DEVICE_FAMILY = "1,2";
				TEST_HOST = "$(BUILT_PRODUCTS_DIR)/DatePicker.app/DatePicker";
			};
			name = Release;
		};
		37E1FC0C2320CB080010C2C0 /* Debug */ = {
			isa = XCBuildConfiguration;
			buildSettings = {
				ALWAYS_EMBED_SWIFT_STANDARD_LIBRARIES = YES;
				CODE_SIGN_STYLE = Automatic;
				INFOPLIST_FILE = DatePickerUITests/Info.plist;
				LD_RUNPATH_SEARCH_PATHS = (
					"$(inherited)",
					"@executable_path/Frameworks",
					"@loader_path/Frameworks",
				);
				PRODUCT_BUNDLE_IDENTIFIER = com.hallym.DatePickerUITests;
				PRODUCT_NAME = "$(TARGET_NAME)";
				SWIFT_VERSION = 5.0;
				TARGETED_DEVICE_FAMILY = "1,2";
				TEST_TARGET_NAME = DatePicker;
			};
			name = Debug;
		};
		37E1FC0D2320CB080010C2C0 /* Release */ = {
			isa = XCBuildConfiguration;
			buildSettings = {
				ALWAYS_EMBED_SWIFT_STANDARD_LIBRARIES = YES;
				CODE_SIGN_STYLE = Automatic;
				INFOPLIST_FILE = DatePickerUITests/Info.plist;
				LD_RUNPATH_SEARCH_PATHS = (
					"$(inherited)",
					"@executable_path/Frameworks",
					"@loader_path/Frameworks",
				);
				PRODUCT_BUNDLE_IDENTIFIER = com.hallym.DatePickerUITests;
				PRODUCT_NAME = "$(TARGET_NAME)";
				SWIFT_VERSION = 5.0;
				TARGETED_DEVICE_FAMILY = "1,2";
				TEST_TARGET_NAME = DatePicker;
			};
			name = Release;
		};
/* End XCBuildConfiguration section */

/* Begin XCConfigurationList section */
		37E1FBD82320CB060010C2C0 /* Build configuration list for PBXProject "DatePicker" */ = {
			isa = XCConfigurationList;
			buildConfigurations = (
				37E1FC032320CB080010C2C0 /* Debug */,
				37E1FC042320CB080010C2C0 /* Release */,
			);
			defaultConfigurationIsVisible = 0;
			defaultConfigurationName = Release;
		};
		37E1FC052320CB080010C2C0 /* Build configuration list for PBXNativeTarget "DatePicker" */ = {
			isa = XCConfigurationList;
			buildConfigurations = (
				37E1FC062320CB080010C2C0 /* Debug */,
				37E1FC072320CB080010C2C0 /* Release */,
			);
			defaultConfigurationIsVisible = 0;
			defaultConfigurationName = Release;
		};
		37E1FC082320CB080010C2C0 /* Build configuration list for PBXNativeTarget "DatePickerTests" */ = {
			isa = XCConfigurationList;
			buildConfigurations = (
				37E1FC092320CB080010C2C0 /* Debug */,
				37E1FC0A2320CB080010C2C0 /* Release */,
			);
			defaultConfigurationIsVisible = 0;
			defaultConfigurationName = Release;
		};
		37E1FC0B2320CB080010C2C0 /* Build configuration list for PBXNativeTarget "DatePickerUITests" */ = {
			isa = XCConfigurationList;
			buildConfigurations = (
				37E1FC0C2320CB080010C2C0 /* Debug */,
				37E1FC0D2320CB080010C2C0 /* Release */,
			);
			defaultConfigurationIsVisible = 0;
			defaultConfigurationName = Release;
		};
/* End XCConfigurationList section */
	};
	rootObject = 37E1FBD52320CB060010C2C0 /* Project object */;
}
