// !$*UTF8*$!
{
	archiveVersion = 1;
	classes = {
	};
	objectVersion = 50;
	objects = {

/* Begin PBXBuildFile section */
		376227A2231759E800E385A6 /* AppDelegate.swift in Sources */ = {isa = PBXBuildFile; fileRef = 376227A1231759E800E385A6 /* AppDelegate.swift */; };
		376227A4231759E800E385A6 /* ViewController.swift in Sources */ = {isa = PBXBuildFile; fileRef = 376227A3231759E800E385A6 /* ViewController.swift */; };
		376227A7231759E800E385A6 /* Main.storyboard in Resources */ = {isa = PBXBuildFile; fileRef = 376227A5231759E800E385A6 /* Main.storyboard */; };
		376227A9231759E900E385A6 /* Assets.xcassets in Resources */ = {isa = PBXBuildFile; fileRef = 376227A8231759E900E385A6 /* Assets.xcassets */; };
		376227AC231759E900E385A6 /* LaunchScreen.storyboard in Resources */ = {isa = PBXBuildFile; fileRef = 376227AA231759E900E385A6 /* LaunchScreen.storyboard */; };
		376227B7231759E900E385A6 /* Week2Tests.swift in Sources */ = {isa = PBXBuildFile; fileRef = 376227B6231759E900E385A6 /* Week2Tests.swift */; };
		376227C2231759E900E385A6 /* Week2UITests.swift in Sources */ = {isa = PBXBuildFile; fileRef = 376227C1231759E900E385A6 /* Week2UITests.swift */; };
/* End PBXBuildFile section */

/* Begin PBXContainerItemProxy section */
		376227B3231759E900E385A6 /* PBXContainerItemProxy */ = {
			isa = PBXContainerItemProxy;
			containerPortal = 37622796231759E700E385A6 /* Project object */;
			proxyType = 1;
			remoteGlobalIDString = 3762279D231759E800E385A6;
			remoteInfo = Week2;
		};
		376227BE231759E900E385A6 /* PBXContainerItemProxy */ = {
			isa = PBXContainerItemProxy;
			containerPortal = 37622796231759E700E385A6 /* Project object */;
			proxyType = 1;
			remoteGlobalIDString = 3762279D231759E800E385A6;
			remoteInfo = Week2;
		};
/* End PBXContainerItemProxy section */

/* Begin PBXFileReference section */
		3762279E231759E800E385A6 /* Week2.app */ = {isa = PBXFileReference; explicitFileType = wrapper.application; includeInIndex = 0; path = Week2.app; sourceTree = BUILT_PRODUCTS_DIR; };
		376227A1231759E800E385A6 /* AppDelegate.swift */ = {isa = PBXFileReference; lastKnownFileType = sourcecode.swift; path = AppDelegate.swift; sourceTree = "<group>"; };
		376227A3231759E800E385A6 /* ViewController.swift */ = {isa = PBXFileReference; lastKnownFileType = sourcecode.swift; path = ViewController.swift; sourceTree = "<group>"; };
		376227A6231759E800E385A6 /* Base */ = {isa = PBXFileReference; lastKnownFileType = file.storyboard; name = Base; path = Base.lproj/Main.storyboard; sourceTree = "<group>"; };
		376227A8231759E900E385A6 /* Assets.xcassets */ = {isa = PBXFileReference; lastKnownFileType = folder.assetcatalog; path = Assets.xcassets; sourceTree = "<group>"; };
		376227AB231759E900E385A6 /* Base */ = {isa = PBXFileReference; lastKnownFileType = file.storyboard; name = Base; path = Base.lproj/LaunchScreen.storyboard; sourceTree = "<group>"; };
		376227AD231759E900E385A6 /* Info.plist */ = {isa = PBXFileReference; lastKnownFileType = text.plist.xml; path = Info.plist; sourceTree = "<group>"; };
		376227B2231759E900E385A6 /* Week2Tests.xctest */ = {isa = PBXFileReference; explicitFileType = wrapper.cfbundle; includeInIndex = 0; path = Week2Tests.xctest; sourceTree = BUILT_PRODUCTS_DIR; };
		376227B6231759E900E385A6 /* Week2Tests.swift */ = {isa = PBXFileReference; lastKnownFileType = sourcecode.swift; path = Week2Tests.swift; sourceTree = "<group>"; };
		376227B8231759E900E385A6 /* Info.plist */ = {isa = PBXFileReference; lastKnownFileType = text.plist.xml; path = Info.plist; sourceTree = "<group>"; };
		376227BD231759E900E385A6 /* Week2UITests.xctest */ = {isa = PBXFileReference; explicitFileType = wrapper.cfbundle; includeInIndex = 0; path = Week2UITests.xctest; sourceTree = BUILT_PRODUCTS_DIR; };
		376227C1231759E900E385A6 /* Week2UITests.swift */ = {isa = PBXFileReference; lastKnownFileType = sourcecode.swift; path = Week2UITests.swift; sourceTree = "<group>"; };
		376227C3231759E900E385A6 /* Info.plist */ = {isa = PBXFileReference; lastKnownFileType = text.plist.xml; path = Info.plist; sourceTree = "<group>"; };
/* End PBXFileReference section */

/* Begin PBXFrameworksBuildPhase section */
		3762279B231759E800E385A6 /* Frameworks */ = {
			isa = PBXFrameworksBuildPhase;
			buildActionMask = 2147483647;
			files = (
			);
			runOnlyForDeploymentPostprocessing = 0;
		};
		376227AF231759E900E385A6 /* Frameworks */ = {
			isa = PBXFrameworksBuildPhase;
			buildActionMask = 2147483647;
			files = (
			);
			runOnlyForDeploymentPostprocessing = 0;
		};
		376227BA231759E900E385A6 /* Frameworks */ = {
			isa = PBXFrameworksBuildPhase;
			buildActionMask = 2147483647;
			files = (
			);
			runOnlyForDeploymentPostprocessing = 0;
		};
/* End PBXFrameworksBuildPhase section */

/* Begin PBXGroup section */
		37622795231759E700E385A6 = {
			isa = PBXGroup;
			children = (
				376227A0231759E800E385A6 /* Week2 */,
				376227B5231759E900E385A6 /* Week2Tests */,
				376227C0231759E900E385A6 /* Week2UITests */,
				3762279F231759E800E385A6 /* Products */,
			);
			sourceTree = "<group>";
		};
		3762279F231759E800E385A6 /* Products */ = {
			isa = PBXGroup;
			children = (
				3762279E231759E800E385A6 /* Week2.app */,
				376227B2231759E900E385A6 /* Week2Tests.xctest */,
				376227BD231759E900E385A6 /* Week2UITests.xctest */,
			);
			name = Products;
			sourceTree = "<group>";
		};
		376227A0231759E800E385A6 /* Week2 */ = {
			isa = PBXGroup;
			children = (
				376227A1231759E800E385A6 /* AppDelegate.swift */,
				376227A3231759E800E385A6 /* ViewController.swift */,
				376227A5231759E800E385A6 /* Main.storyboard */,
				376227A8231759E900E385A6 /* Assets.xcassets */,
				376227AA231759E900E385A6 /* LaunchScreen.storyboard */,
				376227AD231759E900E385A6 /* Info.plist */,
			);
			path = Week2;
			sourceTree = "<group>";
		};
		376227B5231759E900E385A6 /* Week2Tests */ = {
			isa = PBXGroup;
			children = (
				376227B6231759E900E385A6 /* Week2Tests.swift */,
				376227B8231759E900E385A6 /* Info.plist */,
			);
			path = Week2Tests;
			sourceTree = "<group>";
		};
		376227C0231759E900E385A6 /* Week2UITests */ = {
			isa = PBXGroup;
			children = (
				376227C1231759E900E385A6 /* Week2UITests.swift */,
				376227C3231759E900E385A6 /* Info.plist */,
			);
			path = Week2UITests;
			sourceTree = "<group>";
		};
/* End PBXGroup section */

/* Begin PBXNativeTarget section */
		3762279D231759E800E385A6 /* Week2 */ = {
			isa = PBXNativeTarget;
			buildConfigurationList = 376227C6231759E900E385A6 /* Build configuration list for PBXNativeTarget "Week2" */;
			buildPhases = (
				3762279A231759E800E385A6 /* Sources */,
				3762279B231759E800E385A6 /* Frameworks */,
				3762279C231759E800E385A6 /* Resources */,
			);
			buildRules = (
			);
			dependencies = (
			);
			name = Week2;
			productName = Week2;
			productReference = 3762279E231759E800E385A6 /* Week2.app */;
			productType = "com.apple.product-type.application";
		};
		376227B1231759E900E385A6 /* Week2Tests */ = {
			isa = PBXNativeTarget;
			buildConfigurationList = 376227C9231759E900E385A6 /* Build configuration list for PBXNativeTarget "Week2Tests" */;
			buildPhases = (
				376227AE231759E900E385A6 /* Sources */,
				376227AF231759E900E385A6 /* Frameworks */,
				376227B0231759E900E385A6 /* Resources */,
			);
			buildRules = (
			);
			dependencies = (
				376227B4231759E900E385A6 /* PBXTargetDependency */,
			);
			name = Week2Tests;
			productName = Week2Tests;
			productReference = 376227B2231759E900E385A6 /* Week2Tests.xctest */;
			productType = "com.apple.product-type.bundle.unit-test";
		};
		376227BC231759E900E385A6 /* Week2UITests */ = {
			isa = PBXNativeTarget;
			buildConfigurationList = 376227CC231759E900E385A6 /* Build configuration list for PBXNativeTarget "Week2UITests" */;
			buildPhases = (
				376227B9231759E900E385A6 /* Sources */,
				376227BA231759E900E385A6 /* Frameworks */,
				376227BB231759E900E385A6 /* Resources */,
			);
			buildRules = (
			);
			dependencies = (
				376227BF231759E900E385A6 /* PBXTargetDependency */,
			);
			name = Week2UITests;
			productName = Week2UITests;
			productReference = 376227BD231759E900E385A6 /* Week2UITests.xctest */;
			productType = "com.apple.product-type.bundle.ui-testing";
		};
/* End PBXNativeTarget section */

/* Begin PBXProject section */
		37622796231759E700E385A6 /* Project object */ = {
			isa = PBXProject;
			attributes = {
				LastSwiftUpdateCheck = 1030;
				LastUpgradeCheck = 1030;
				ORGANIZATIONNAME = Hallym;
				TargetAttributes = {
					3762279D231759E800E385A6 = {
						CreatedOnToolsVersion = 10.3;
					};
					376227B1231759E900E385A6 = {
						CreatedOnToolsVersion = 10.3;
						TestTargetID = 3762279D231759E800E385A6;
					};
					376227BC231759E900E385A6 = {
						CreatedOnToolsVersion = 10.3;
						TestTargetID = 3762279D231759E800E385A6;
					};
				};
			};
			buildConfigurationList = 37622799231759E700E385A6 /* Build configuration list for PBXProject "Week2" */;
			compatibilityVersion = "Xcode 9.3";
			developmentRegion = en;
			hasScannedForEncodings = 0;
			knownRegions = (
				en,
				Base,
			);
			mainGroup = 37622795231759E700E385A6;
			productRefGroup = 3762279F231759E800E385A6 /* Products */;
			projectDirPath = "";
			projectRoot = "";
			targets = (
				3762279D231759E800E385A6 /* Week2 */,
				376227B1231759E900E385A6 /* Week2Tests */,
				376227BC231759E900E385A6 /* Week2UITests */,
			);
		};
/* End PBXProject section */

/* Begin PBXResourcesBuildPhase section */
		3762279C231759E800E385A6 /* Resources */ = {
			isa = PBXResourcesBuildPhase;
			buildActionMask = 2147483647;
			files = (
				376227AC231759E900E385A6 /* LaunchScreen.storyboard in Resources */,
				376227A9231759E900E385A6 /* Assets.xcassets in Resources */,
				376227A7231759E800E385A6 /* Main.storyboard in Resources */,
			);
			runOnlyForDeploymentPostprocessing = 0;
		};
		376227B0231759E900E385A6 /* Resources */ = {
			isa = PBXResourcesBuildPhase;
			buildActionMask = 2147483647;
			files = (
			);
			runOnlyForDeploymentPostprocessing = 0;
		};
		376227BB231759E900E385A6 /* Resources */ = {
			isa = PBXResourcesBuildPhase;
			buildActionMask = 2147483647;
			files = (
			);
			runOnlyForDeploymentPostprocessing = 0;
		};
/* End PBXResourcesBuildPhase section */

/* Begin PBXSourcesBuildPhase section */
		3762279A231759E800E385A6 /* Sources */ = {
			isa = PBXSourcesBuildPhase;
			buildActionMask = 2147483647;
			files = (
				376227A4231759E800E385A6 /* ViewController.swift in Sources */,
				376227A2231759E800E385A6 /* AppDelegate.swift in Sources */,
			);
			runOnlyForDeploymentPostprocessing = 0;
		};
		376227AE231759E900E385A6 /* Sources */ = {
			isa = PBXSourcesBuildPhase;
			buildActionMask = 2147483647;
			files = (
				376227B7231759E900E385A6 /* Week2Tests.swift in Sources */,
			);
			runOnlyForDeploymentPostprocessing = 0;
		};
		376227B9231759E900E385A6 /* Sources */ = {
			isa = PBXSourcesBuildPhase;
			buildActionMask = 2147483647;
			files = (
				376227C2231759E900E385A6 /* Week2UITests.swift in Sources */,
			);
			runOnlyForDeploymentPostprocessing = 0;
		};
/* End PBXSourcesBuildPhase section */

/* Begin PBXTargetDependency section */
		376227B4231759E900E385A6 /* PBXTargetDependency */ = {
			isa = PBXTargetDependency;
			target = 3762279D231759E800E385A6 /* Week2 */;
			targetProxy = 376227B3231759E900E385A6 /* PBXContainerItemProxy */;
		};
		376227BF231759E900E385A6 /* PBXTargetDependency */ = {
			isa = PBXTargetDependency;
			target = 3762279D231759E800E385A6 /* Week2 */;
			targetProxy = 376227BE231759E900E385A6 /* PBXContainerItemProxy */;
		};
/* End PBXTargetDependency section */

/* Begin PBXVariantGroup section */
		376227A5231759E800E385A6 /* Main.storyboard */ = {
			isa = PBXVariantGroup;
			children = (
				376227A6231759E800E385A6 /* Base */,
			);
			name = Main.storyboard;
			sourceTree = "<group>";
		};
		376227AA231759E900E385A6 /* LaunchScreen.storyboard */ = {
			isa = PBXVariantGroup;
			children = (
				376227AB231759E900E385A6 /* Base */,
			);
			name = LaunchScreen.storyboard;
			sourceTree = "<group>";
		};
/* End PBXVariantGroup section */

/* Begin XCBuildConfiguration section */
		376227C4231759E900E385A6 /* Debug */ = {
			isa = XCBuildConfiguration;
			buildSettings = {
				ALWAYS_SEARCH_USER_PATHS = NO;
				CLANG_ANALYZER_NONNULL = YES;
				CLANG_ANALYZER_NUMBER_OBJECT_CONVERSION = YES_AGGRESSIVE;
				CLANG_CXX_LANGUAGE_STANDARD = "gnu++14";
				CLANG_CXX_LIBRARY = "libc++";
				CLANG_ENABLE_MODULES = YES;
				CLANG_ENABLE_OBJC_ARC = YES;
				CLANG_ENABLE_OBJC_WEAK = YES;
				CLANG_WARN_BLOCK_CAPTURE_AUTORELEASING = YES;
				CLANG_WARN_BOOL_CONVERSION = YES;
				CLANG_WARN_COMMA = YES;
				CLANG_WARN_CONSTANT_CONVERSION = YES;
				CLANG_WARN_DEPRECATED_OBJC_IMPLEMENTATIONS = YES;
				CLANG_WARN_DIRECT_OBJC_ISA_USAGE = YES_ERROR;
				CLANG_WARN_DOCUMENTATION_COMMENTS = YES;
				CLANG_WARN_EMPTY_BODY = YES;
				CLANG_WARN_ENUM_CONVERSION = YES;
				CLANG_WARN_INFINITE_RECURSION = YES;
				CLANG_WARN_INT_CONVERSION = YES;
				CLANG_WARN_NON_LITERAL_NULL_CONVERSION = YES;
				CLANG_WARN_OBJC_IMPLICIT_RETAIN_SELF = YES;
				CLANG_WARN_OBJC_LITERAL_CONVERSION = YES;
				CLANG_WARN_OBJC_ROOT_CLASS = YES_ERROR;
				CLANG_WARN_RANGE_LOOP_ANALYSIS = YES;
				CLANG_WARN_STRICT_PROTOTYPES = YES;
				CLANG_WARN_SUSPICIOUS_MOVE = YES;
				CLANG_WARN_UNGUARDED_AVAILABILITY = YES_AGGRESSIVE;
				CLANG_WARN_UNREACHABLE_CODE = YES;
				CLANG_WARN__DUPLICATE_METHOD_MATCH = YES;
				CODE_SIGN_IDENTITY = "iPhone Developer";
				COPY_PHASE_STRIP = NO;
				DEBUG_INFORMATION_FORMAT = dwarf;
				ENABLE_STRICT_OBJC_MSGSEND = YES;
				ENABLE_TESTABILITY = YES;
				GCC_C_LANGUAGE_STANDARD = gnu11;
				GCC_DYNAMIC_NO_PIC = NO;
				GCC_NO_COMMON_BLOCKS = YES;
				GCC_OPTIMIZATION_LEVEL = 0;
				GCC_PREPROCESSOR_DEFINITIONS = (
					"DEBUG=1",
					"$(inherited)",
				);
				GCC_WARN_64_TO_32_BIT_CONVERSION = YES;
				GCC_WARN_ABOUT_RETURN_TYPE = YES_ERROR;
				GCC_WARN_UNDECLARED_SELECTOR = YES;
				GCC_WARN_UNINITIALIZED_AUTOS = YES_AGGRESSIVE;
				GCC_WARN_UNUSED_FUNCTION = YES;
				GCC_WARN_UNUSED_VARIABLE = YES;
				IPHONEOS_DEPLOYMENT_TARGET = 12.4;
				MTL_ENABLE_DEBUG_INFO = INCLUDE_SOURCE;
				MTL_FAST_MATH = YES;
				ONLY_ACTIVE_ARCH = YES;
				SDKROOT = iphoneos;
				SWIFT_ACTIVE_COMPILATION_CONDITIONS = DEBUG;
				SWIFT_OPTIMIZATION_LEVEL = "-Onone";
			};
			name = Debug;
		};
		376227C5231759E900E385A6 /* Release */ = {
			isa = XCBuildConfiguration;
			buildSettings = {
				ALWAYS_SEARCH_USER_PATHS = NO;
				CLANG_ANALYZER_NONNULL = YES;
				CLANG_ANALYZER_NUMBER_OBJECT_CONVERSION = YES_AGGRESSIVE;
				CLANG_CXX_LANGUAGE_STANDARD = "gnu++14";
				CLANG_CXX_LIBRARY = "libc++";
				CLANG_ENABLE_MODULES = YES;
				CLANG_ENABLE_OBJC_ARC = YES;
				CLANG_ENABLE_OBJC_WEAK = YES;
				CLANG_WARN_BLOCK_CAPTURE_AUTORELEASING = YES;
				CLANG_WARN_BOOL_CONVERSION = YES;
				CLANG_WARN_COMMA = YES;
				CLANG_WARN_CONSTANT_CONVERSION = YES;
				CLANG_WARN_DEPRECATED_OBJC_IMPLEMENTATIONS = YES;
				CLANG_WARN_DIRECT_OBJC_ISA_USAGE = YES_ERROR;
				CLANG_WARN_DOCUMENTATION_COMMENTS = YES;
				CLANG_WARN_EMPTY_BODY = YES;
				CLANG_WARN_ENUM_CONVERSION = YES;
				CLANG_WARN_INFINITE_RECURSION = YES;
				CLANG_WARN_INT_CONVERSION = YES;
				CLANG_WARN_NON_LITERAL_NULL_CONVERSION = YES;
				CLANG_WARN_OBJC_IMPLICIT_RETAIN_SELF = YES;
				CLANG_WARN_OBJC_LITERAL_CONVERSION = YES;
				CLANG_WARN_OBJC_ROOT_CLASS = YES_ERROR;
				CLANG_WARN_RANGE_LOOP_ANALYSIS = YES;
				CLANG_WARN_STRICT_PROTOTYPES = YES;
				CLANG_WARN_SUSPICIOUS_MOVE = YES;
				CLANG_WARN_UNGUARDED_AVAILABILITY = YES_AGGRESSIVE;
				CLANG_WARN_UNREACHABLE_CODE = YES;
				CLANG_WARN__DUPLICATE_METHOD_MATCH = YES;
				CODE_SIGN_IDENTITY = "iPhone Developer";
				COPY_PHASE_STRIP = NO;
				DEBUG_INFORMATION_FORMAT = "dwarf-with-dsym";
				ENABLE_NS_ASSERTIONS = NO;
				ENABLE_STRICT_OBJC_MSGSEND = YES;
				GCC_C_LANGUAGE_STANDARD = gnu11;
				GCC_NO_COMMON_BLOCKS = YES;
				GCC_WARN_64_TO_32_BIT_CONVERSION = YES;
				GCC_WARN_ABOUT_RETURN_TYPE = YES_ERROR;
				GCC_WARN_UNDECLARED_SELECTOR = YES;
				GCC_WARN_UNINITIALIZED_AUTOS = YES_AGGRESSIVE;
				GCC_WARN_UNUSED_FUNCTION = YES;
				GCC_WARN_UNUSED_VARIABLE = YES;
				IPHONEOS_DEPLOYMENT_TARGET = 12.4;
				MTL_ENABLE_DEBUG_INFO = NO;
				MTL_FAST_MATH = YES;
				SDKROOT = iphoneos;
				SWIFT_COMPILATION_MODE = wholemodule;
				SWIFT_OPTIMIZATION_LEVEL = "-O";
				VALIDATE_PRODUCT = YES;
			};
			name = Release;
		};
		376227C7231759E900E385A6 /* Debug */ = {
			isa = XCBuildConfiguration;
			buildSettings = {
				ASSETCATALOG_COMPILER_APPICON_NAME = AppIcon;
				CODE_SIGN_STYLE = Automatic;
				INFOPLIST_FILE = Week2/Info.plist;
				LD_RUNPATH_SEARCH_PATHS = (
					"$(inherited)",
					"@executable_path/Frameworks",
				);
				PRODUCT_BUNDLE_IDENTIFIER = net.hallym.Week2;
				PRODUCT_NAME = "$(TARGET_NAME)";
				SWIFT_VERSION = 5.0;
				TARGETED_DEVICE_FAMILY = "1,2";
			};
			name = Debug;
		};
		376227C8231759E900E385A6 /* Release */ = {
			isa = XCBuildConfiguration;
			buildSettings = {
				ASSETCATALOG_COMPILER_APPICON_NAME = AppIcon;
				CODE_SIGN_STYLE = Automatic;
				INFOPLIST_FILE = Week2/Info.plist;
				LD_RUNPATH_SEARCH_PATHS = (
					"$(inherited)",
					"@executable_path/Frameworks",
				);
				PRODUCT_BUNDLE_IDENTIFIER = net.hallym.Week2;
				PRODUCT_NAME = "$(TARGET_NAME)";
				SWIFT_VERSION = 5.0;
				TARGETED_DEVICE_FAMILY = "1,2";
			};
			name = Release;
		};
		376227CA231759E900E385A6 /* Debug */ = {
			isa = XCBuildConfiguration;
			buildSettings = {
				ALWAYS_EMBED_SWIFT_STANDARD_LIBRARIES = YES;
				BUNDLE_LOADER = "$(TEST_HOST)";
				CODE_SIGN_STYLE = Automatic;
				INFOPLIST_FILE = Week2Tests/Info.plist;
				LD_RUNPATH_SEARCH_PATHS = (
					"$(inherited)",
					"@executable_path/Frameworks",
					"@loader_path/Frameworks",
				);
				PRODUCT_BUNDLE_IDENTIFIER = net.hallym.Week2Tests;
				PRODUCT_NAME = "$(TARGET_NAME)";
				SWIFT_VERSION = 5.0;
				TARGETED_DEVICE_FAMILY = "1,2";
				TEST_HOST = "$(BUILT_PRODUCTS_DIR)/Week2.app/Week2";
			};
			name = Debug;
		};
		376227CB231759E900E385A6 /* Release */ = {
			isa = XCBuildConfiguration;
			buildSettings = {
				ALWAYS_EMBED_SWIFT_STANDARD_LIBRARIES = YES;
				BUNDLE_LOADER = "$(TEST_HOST)";
				CODE_SIGN_STYLE = Automatic;
				INFOPLIST_FILE = Week2Tests/Info.plist;
				LD_RUNPATH_SEARCH_PATHS = (
					"$(inherited)",
					"@executable_path/Frameworks",
					"@loader_path/Frameworks",
				);
				PRODUCT_BUNDLE_IDENTIFIER = net.hallym.Week2Tests;
				PRODUCT_NAME = "$(TARGET_NAME)";
				SWIFT_VERSION = 5.0;
				TARGETED_DEVICE_FAMILY = "1,2";
				TEST_HOST = "$(BUILT_PRODUCTS_DIR)/Week2.app/Week2";
			};
			name = Release;
		};
		376227CD231759E900E385A6 /* Debug */ = {
			isa = XCBuildConfiguration;
			buildSettings = {
				ALWAYS_EMBED_SWIFT_STANDARD_LIBRARIES = YES;
				CODE_SIGN_STYLE = Automatic;
				INFOPLIST_FILE = Week2UITests/Info.plist;
				LD_RUNPATH_SEARCH_PATHS = (
					"$(inherited)",
					"@executable_path/Frameworks",
					"@loader_path/Frameworks",
				);
				PRODUCT_BUNDLE_IDENTIFIER = net.hallym.Week2UITests;
				PRODUCT_NAME = "$(TARGET_NAME)";
				SWIFT_VERSION = 5.0;
				TARGETED_DEVICE_FAMILY = "1,2";
				TEST_TARGET_NAME = Week2;
			};
			name = Debug;
		};
		376227CE231759E900E385A6 /* Release */ = {
			isa = XCBuildConfiguration;
			buildSettings = {
				ALWAYS_EMBED_SWIFT_STANDARD_LIBRARIES = YES;
				CODE_SIGN_STYLE = Automatic;
				INFOPLIST_FILE = Week2UITests/Info.plist;
				LD_RUNPATH_SEARCH_PATHS = (
					"$(inherited)",
					"@executable_path/Frameworks",
					"@loader_path/Frameworks",
				);
				PRODUCT_BUNDLE_IDENTIFIER = net.hallym.Week2UITests;
				PRODUCT_NAME = "$(TARGET_NAME)";
				SWIFT_VERSION = 5.0;
				TARGETED_DEVICE_FAMILY = "1,2";
				TEST_TARGET_NAME = Week2;
			};
			name = Release;
		};
/* End XCBuildConfiguration section */

/* Begin XCConfigurationList section */
		37622799231759E700E385A6 /* Build configuration list for PBXProject "Week2" */ = {
			isa = XCConfigurationList;
			buildConfigurations = (
				376227C4231759E900E385A6 /* Debug */,
				376227C5231759E900E385A6 /* Release */,
			);
			defaultConfigurationIsVisible = 0;
			defaultConfigurationName = Release;
		};
		376227C6231759E900E385A6 /* Build configuration list for PBXNativeTarget "Week2" */ = {
			isa = XCConfigurationList;
			buildConfigurations = (
				376227C7231759E900E385A6 /* Debug */,
				376227C8231759E900E385A6 /* Release */,
			);
			defaultConfigurationIsVisible = 0;
			defaultConfigurationName = Release;
		};
		376227C9231759E900E385A6 /* Build configuration list for PBXNativeTarget "Week2Tests" */ = {
			isa = XCConfigurationList;
			buildConfigurations = (
				376227CA231759E900E385A6 /* Debug */,
				376227CB231759E900E385A6 /* Release */,
			);
			defaultConfigurationIsVisible = 0;
			defaultConfigurationName = Release;
		};
		376227CC231759E900E385A6 /* Build configuration list for PBXNativeTarget "Week2UITests" */ = {
			isa = XCConfigurationList;
			buildConfigurations = (
				376227CD231759E900E385A6 /* Debug */,
				376227CE231759E900E385A6 /* Release */,
			);
			defaultConfigurationIsVisible = 0;
			defaultConfigurationName = Release;
		};
/* End XCConfigurationList section */
	};
	rootObject = 37622796231759E700E385A6 /* Project object */;
}
